<?xml version="1.0" encoding="utf-8"?>
<Project ToolsVersion="4.0" xmlns="http://schemas.microsoft.com/developer/msbuild/2003">
  <ItemGroup>
    <Filter Include="Broccoli">
      <UniqueIdentifier>{B2813FB6-9E4E-9AC1-C767-8869B393CF4F}</UniqueIdentifier>
    </Filter>
    <Filter Include="Broccoli\Events">
      <UniqueIdentifier>{5611E096-C29C-4D5B-CBAD-D04F37B8A95B}</UniqueIdentifier>
    </Filter>
  </ItemGroup>
  <ItemGroup>
    <ClInclude Include="src\Broccoli.h" />
    <ClInclude Include="src\Broccoli\Application.h">
      <Filter>Broccoli</Filter>
    </ClInclude>
    <ClInclude Include="src\Broccoli\Core.h">
      <Filter>Broccoli</Filter>
    </ClInclude>
    <ClInclude Include="src\Broccoli\EntryPoint.h">
      <Filter>Broccoli</Filter>
    </ClInclude>
    <ClInclude Include="src\Broccoli\Events\ApplicationEvent.h">
      <Filter>Broccoli\Events</Filter>
    </ClInclude>
    <ClInclude Include="src\Broccoli\Events\Event.h">
      <Filter>Broccoli\Events</Filter>
    </ClInclude>
    <ClInclude Include="src\Broccoli\Events\KeyEvent.h">
      <Filter>Broccoli\Events</Filter>
    </ClInclude>
    <ClInclude Include="src\Broccoli\Events\MouseEvent.h">
      <Filter>Broccoli\Events</Filter>
    </ClInclude>
    <ClInclude Include="src\Broccoli\Log.h">
      <Filter>Broccoli</Filter>
    </ClInclude>
  </ItemGroup>
  <ItemGroup>
    <ClCompile Include="src\Broccoli\Application.cpp">
      <Filter>Broccoli</Filter>
    </ClCompile>
    <ClCompile Include="src\Broccoli\Log.cpp">
      <Filter>Broccoli</Filter>
    </ClCompile>
  </ItemGroup>
</Project>