<?xml version="1.0" encoding="utf-8"?>
<Project ToolsVersion="4.0" xmlns="http://schemas.microsoft.com/developer/msbuild/2003">
  <ItemGroup>
    <Filter Include="Broccoli">
      <UniqueIdentifier>{B2813FB6-9E4E-9AC1-C767-8869B393CF4F}</UniqueIdentifier>
    </Filter>
    <Filter Include="Broccoli\Events">
      <UniqueIdentifier>{5611E096-C29C-4D5B-CBAD-D04F37B8A95B}</UniqueIdentifier>
    </Filter>
    <Filter Include="Platform">
      <UniqueIdentifier>{2AC788B4-1694-E3BF-3FAD-D1672BD9184E}</UniqueIdentifier>
    </Filter>
    <Filter Include="Platform\Windows">
      <UniqueIdentifier>{64FBD71A-50F4-F66C-7926-DCF1657ED678}</UniqueIdentifier>
    </Filter>
  </ItemGroup>
  <ItemGroup>
    <ClInclude Include="src\Broccoli.h" />
    <ClInclude Include="src\Broccoli\Application.h">
      <Filter>Broccoli</Filter>
    </ClInclude>
    <ClInclude Include="src\Broccoli\Core.h">
      <Filter>Broccoli</Filter>
    </ClInclude>
    <ClInclude Include="src\Broccoli\EntryPoint.h">
      <Filter>Broccoli</Filter>
    </ClInclude>
    <ClInclude Include="src\Broccoli\Events\ApplicationEvent.h">
      <Filter>Broccoli\Events</Filter>
    </ClInclude>
    <ClInclude Include="src\Broccoli\Events\Event.h">
      <Filter>Broccoli\Events</Filter>
    </ClInclude>
    <ClInclude Include="src\Broccoli\Events\KeyEvent.h">
      <Filter>Broccoli\Events</Filter>
    </ClInclude>
    <ClInclude Include="src\Broccoli\Events\MouseEvent.h">
      <Filter>Broccoli\Events</Filter>
    </ClInclude>
    <ClInclude Include="src\Broccoli\Layer.h">
      <Filter>Broccoli</Filter>
    </ClInclude>
    <ClInclude Include="src\Broccoli\LayerStack.h">
      <Filter>Broccoli</Filter>
    </ClInclude>
    <ClInclude Include="src\Broccoli\Log.h">
      <Filter>Broccoli</Filter>
    </ClInclude>
    <ClInclude Include="src\Broccoli\Window.h">
      <Filter>Broccoli</Filter>
    </ClInclude>
    <ClInclude Include="src\Platform\Windows\WindowsWindow.h">
      <Filter>Platform\Windows</Filter>
    </ClInclude>
    <ClInclude Include="src\brclpch.h" />
    <ClInclude Include="src\Broccoli\ImGui\ImGuiLayer.h" />
    <ClInclude Include="src\Platform\OpenGL\imgui_impl_opengl3.h" />
  </ItemGroup>
  <ItemGroup>
    <ClCompile Include="src\Broccoli\Application.cpp">
      <Filter>Broccoli</Filter>
    </ClCompile>
    <ClCompile Include="src\Broccoli\Layer.cpp">
      <Filter>Broccoli</Filter>
    </ClCompile>
    <ClCompile Include="src\Broccoli\LayerStack.cpp">
      <Filter>Broccoli</Filter>
    </ClCompile>
    <ClCompile Include="src\Broccoli\Log.cpp">
      <Filter>Broccoli</Filter>
    </ClCompile>
    <ClCompile Include="src\Platform\Windows\WindowsWindow.cpp">
      <Filter>Platform\Windows</Filter>
    </ClCompile>
    <ClCompile Include="src\brclpch.cpp" />
    <ClCompile Include="src\Broccoli\ImGui\ImGuiLayer.cpp" />
    <ClCompile Include="src\Platform\OpenGL\imgui_impl_opengl3.cpp" />
  </ItemGroup>
</Project>